// !$*UTF8*$!
{
	archiveVersion = 1;
	classes = {
	};
	objectVersion = 48;
	objects = {

/* Begin PBXBuildFile section */
		40FFB6DE554E615BA82D6103 /* Pods_rxswift_practiceUITests.framework in Frameworks */ = {isa = PBXBuildFile; fileRef = 46F76EFDABBDD134FAD5C61C /* Pods_rxswift_practiceUITests.framework */; };
		70A6C06F1FB59F0500305022 /* AppDelegate.swift in Sources */ = {isa = PBXBuildFile; fileRef = 70A6C06E1FB59F0500305022 /* AppDelegate.swift */; };
		70A6C0711FB59F0500305022 /* ViewController.swift in Sources */ = {isa = PBXBuildFile; fileRef = 70A6C0701FB59F0500305022 /* ViewController.swift */; };
		70A6C0741FB59F0500305022 /* Main.storyboard in Resources */ = {isa = PBXBuildFile; fileRef = 70A6C0721FB59F0500305022 /* Main.storyboard */; };
		70A6C0761FB59F0500305022 /* Assets.xcassets in Resources */ = {isa = PBXBuildFile; fileRef = 70A6C0751FB59F0500305022 /* Assets.xcassets */; };
		70A6C0791FB59F0500305022 /* LaunchScreen.storyboard in Resources */ = {isa = PBXBuildFile; fileRef = 70A6C0771FB59F0500305022 /* LaunchScreen.storyboard */; };
		70A6C0841FB59F0500305022 /* rxswift_practiceTests.swift in Sources */ = {isa = PBXBuildFile; fileRef = 70A6C0831FB59F0500305022 /* rxswift_practiceTests.swift */; };
		70A6C08F1FB59F0500305022 /* rxswift_practiceUITests.swift in Sources */ = {isa = PBXBuildFile; fileRef = 70A6C08E1FB59F0500305022 /* rxswift_practiceUITests.swift */; };
		7BA4616FC6AD0944760F2AD8 /* Pods_rxswift_practiceTests.framework in Frameworks */ = {isa = PBXBuildFile; fileRef = F34FDBE55C1A817E223279CC /* Pods_rxswift_practiceTests.framework */; };
		897D490411169898E353B0FF /* Pods_rxswift_practice.framework in Frameworks */ = {isa = PBXBuildFile; fileRef = 387D5EFA22D42EB7B087838D /* Pods_rxswift_practice.framework */; };
/* End PBXBuildFile section */

/* Begin PBXContainerItemProxy section */
		70A6C0801FB59F0500305022 /* PBXContainerItemProxy */ = {
			isa = PBXContainerItemProxy;
			containerPortal = 70A6C0631FB59F0500305022 /* Project object */;
			proxyType = 1;
			remoteGlobalIDString = 70A6C06A1FB59F0500305022;
			remoteInfo = "rxswift-practice";
		};
		70A6C08B1FB59F0500305022 /* PBXContainerItemProxy */ = {
			isa = PBXContainerItemProxy;
			containerPortal = 70A6C0631FB59F0500305022 /* Project object */;
			proxyType = 1;
			remoteGlobalIDString = 70A6C06A1FB59F0500305022;
			remoteInfo = "rxswift-practice";
		};
/* End PBXContainerItemProxy section */

/* Begin PBXFileReference section */
		387D5EFA22D42EB7B087838D /* Pods_rxswift_practice.framework */ = {isa = PBXFileReference; explicitFileType = wrapper.framework; includeInIndex = 0; path = Pods_rxswift_practice.framework; sourceTree = BUILT_PRODUCTS_DIR; };
		46F76EFDABBDD134FAD5C61C /* Pods_rxswift_practiceUITests.framework */ = {isa = PBXFileReference; explicitFileType = wrapper.framework; includeInIndex = 0; path = Pods_rxswift_practiceUITests.framework; sourceTree = BUILT_PRODUCTS_DIR; };
		5D8BABCFDB67244E806CA0F6 /* Pods-rxswift-practiceUITests.release.xcconfig */ = {isa = PBXFileReference; includeInIndex = 1; lastKnownFileType = text.xcconfig; name = "Pods-rxswift-practiceUITests.release.xcconfig"; path = "Pods/Target Support Files/Pods-rxswift-practiceUITests/Pods-rxswift-practiceUITests.release.xcconfig"; sourceTree = "<group>"; };
		70A6C06B1FB59F0500305022 /* rxswift-practice.app */ = {isa = PBXFileReference; explicitFileType = wrapper.application; includeInIndex = 0; path = "rxswift-practice.app"; sourceTree = BUILT_PRODUCTS_DIR; };
		70A6C06E1FB59F0500305022 /* AppDelegate.swift */ = {isa = PBXFileReference; lastKnownFileType = sourcecode.swift; path = AppDelegate.swift; sourceTree = "<group>"; };
		70A6C0701FB59F0500305022 /* ViewController.swift */ = {isa = PBXFileReference; lastKnownFileType = sourcecode.swift; path = ViewController.swift; sourceTree = "<group>"; };
		70A6C0731FB59F0500305022 /* Base */ = {isa = PBXFileReference; lastKnownFileType = file.storyboard; name = Base; path = Base.lproj/Main.storyboard; sourceTree = "<group>"; };
		70A6C0751FB59F0500305022 /* Assets.xcassets */ = {isa = PBXFileReference; lastKnownFileType = folder.assetcatalog; path = Assets.xcassets; sourceTree = "<group>"; };
		70A6C0781FB59F0500305022 /* Base */ = {isa = PBXFileReference; lastKnownFileType = file.storyboard; name = Base; path = Base.lproj/LaunchScreen.storyboard; sourceTree = "<group>"; };
		70A6C07A1FB59F0500305022 /* Info.plist */ = {isa = PBXFileReference; lastKnownFileType = text.plist.xml; path = Info.plist; sourceTree = "<group>"; };
		70A6C07F1FB59F0500305022 /* rxswift-practiceTests.xctest */ = {isa = PBXFileReference; explicitFileType = wrapper.cfbundle; includeInIndex = 0; path = "rxswift-practiceTests.xctest"; sourceTree = BUILT_PRODUCTS_DIR; };
		70A6C0831FB59F0500305022 /* rxswift_practiceTests.swift */ = {isa = PBXFileReference; lastKnownFileType = sourcecode.swift; path = rxswift_practiceTests.swift; sourceTree = "<group>"; };
		70A6C0851FB59F0500305022 /* Info.plist */ = {isa = PBXFileReference; lastKnownFileType = text.plist.xml; path = Info.plist; sourceTree = "<group>"; };
		70A6C08A1FB59F0500305022 /* rxswift-practiceUITests.xctest */ = {isa = PBXFileReference; explicitFileType = wrapper.cfbundle; includeInIndex = 0; path = "rxswift-practiceUITests.xctest"; sourceTree = BUILT_PRODUCTS_DIR; };
		70A6C08E1FB59F0500305022 /* rxswift_practiceUITests.swift */ = {isa = PBXFileReference; lastKnownFileType = sourcecode.swift; path = rxswift_practiceUITests.swift; sourceTree = "<group>"; };
		70A6C0901FB59F0500305022 /* Info.plist */ = {isa = PBXFileReference; lastKnownFileType = text.plist.xml; path = Info.plist; sourceTree = "<group>"; };
		87D05B9E3BC668BC2ADED46E /* Pods-rxswift-practiceTests.debug.xcconfig */ = {isa = PBXFileReference; includeInIndex = 1; lastKnownFileType = text.xcconfig; name = "Pods-rxswift-practiceTests.debug.xcconfig"; path = "Pods/Target Support Files/Pods-rxswift-practiceTests/Pods-rxswift-practiceTests.debug.xcconfig"; sourceTree = "<group>"; };
		91846105796D57FA0463C0B9 /* Pods-rxswift-practiceUITests.debug.xcconfig */ = {isa = PBXFileReference; includeInIndex = 1; lastKnownFileType = text.xcconfig; name = "Pods-rxswift-practiceUITests.debug.xcconfig"; path = "Pods/Target Support Files/Pods-rxswift-practiceUITests/Pods-rxswift-practiceUITests.debug.xcconfig"; sourceTree = "<group>"; };
		933E3C83AE20445A898AB70C /* Pods-rxswift-practiceTests.release.xcconfig */ = {isa = PBXFileReference; includeInIndex = 1; lastKnownFileType = text.xcconfig; name = "Pods-rxswift-practiceTests.release.xcconfig"; path = "Pods/Target Support Files/Pods-rxswift-practiceTests/Pods-rxswift-practiceTests.release.xcconfig"; sourceTree = "<group>"; };
		BBDCDD51F3F71366B1C1BD22 /* Pods-rxswift-practice.debug.xcconfig */ = {isa = PBXFileReference; includeInIndex = 1; lastKnownFileType = text.xcconfig; name = "Pods-rxswift-practice.debug.xcconfig"; path = "Pods/Target Support Files/Pods-rxswift-practice/Pods-rxswift-practice.debug.xcconfig"; sourceTree = "<group>"; };
		DCFF8E2B29938845427B3BB1 /* Pods-rxswift-practice.release.xcconfig */ = {isa = PBXFileReference; includeInIndex = 1; lastKnownFileType = text.xcconfig; name = "Pods-rxswift-practice.release.xcconfig"; path = "Pods/Target Support Files/Pods-rxswift-practice/Pods-rxswift-practice.release.xcconfig"; sourceTree = "<group>"; };
		F34FDBE55C1A817E223279CC /* Pods_rxswift_practiceTests.framework */ = {isa = PBXFileReference; explicitFileType = wrapper.framework; includeInIndex = 0; path = Pods_rxswift_practiceTests.framework; sourceTree = BUILT_PRODUCTS_DIR; };
/* End PBXFileReference section */

/* Begin PBXFrameworksBuildPhase section */
		70A6C0681FB59F0500305022 /* Frameworks */ = {
			isa = PBXFrameworksBuildPhase;
			buildActionMask = 2147483647;
			files = (
				897D490411169898E353B0FF /* Pods_rxswift_practice.framework in Frameworks */,
			);
			runOnlyForDeploymentPostprocessing = 0;
		};
		70A6C07C1FB59F0500305022 /* Frameworks */ = {
			isa = PBXFrameworksBuildPhase;
			buildActionMask = 2147483647;
			files = (
				7BA4616FC6AD0944760F2AD8 /* Pods_rxswift_practiceTests.framework in Frameworks */,
			);
			runOnlyForDeploymentPostprocessing = 0;
		};
		70A6C0871FB59F0500305022 /* Frameworks */ = {
			isa = PBXFrameworksBuildPhase;
			buildActionMask = 2147483647;
			files = (
				40FFB6DE554E615BA82D6103 /* Pods_rxswift_practiceUITests.framework in Frameworks */,
			);
			runOnlyForDeploymentPostprocessing = 0;
		};
/* End PBXFrameworksBuildPhase section */

/* Begin PBXGroup section */
		70A6C0621FB59F0500305022 = {
			isa = PBXGroup;
			children = (
				70A6C06D1FB59F0500305022 /* rxswift-practice */,
				70A6C0821FB59F0500305022 /* rxswift-practiceTests */,
				70A6C08D1FB59F0500305022 /* rxswift-practiceUITests */,
				70A6C06C1FB59F0500305022 /* Products */,
				D4DF45459F541798A332AFD5 /* Pods */,
				9F751A154E722B5196BE2B94 /* Frameworks */,
			);
			sourceTree = "<group>";
		};
		70A6C06C1FB59F0500305022 /* Products */ = {
			isa = PBXGroup;
			children = (
				70A6C06B1FB59F0500305022 /* rxswift-practice.app */,
				70A6C07F1FB59F0500305022 /* rxswift-practiceTests.xctest */,
				70A6C08A1FB59F0500305022 /* rxswift-practiceUITests.xctest */,
			);
			name = Products;
			sourceTree = "<group>";
		};
		70A6C06D1FB59F0500305022 /* rxswift-practice */ = {
			isa = PBXGroup;
			children = (
				70A6C06E1FB59F0500305022 /* AppDelegate.swift */,
				70A6C0701FB59F0500305022 /* ViewController.swift */,
				70A6C0721FB59F0500305022 /* Main.storyboard */,
				70A6C0751FB59F0500305022 /* Assets.xcassets */,
				70A6C0771FB59F0500305022 /* LaunchScreen.storyboard */,
				70A6C07A1FB59F0500305022 /* Info.plist */,
			);
			path = "rxswift-practice";
			sourceTree = "<group>";
		};
		70A6C0821FB59F0500305022 /* rxswift-practiceTests */ = {
			isa = PBXGroup;
			children = (
				70A6C0831FB59F0500305022 /* rxswift_practiceTests.swift */,
				70A6C0851FB59F0500305022 /* Info.plist */,
			);
			path = "rxswift-practiceTests";
			sourceTree = "<group>";
		};
		70A6C08D1FB59F0500305022 /* rxswift-practiceUITests */ = {
			isa = PBXGroup;
			children = (
				70A6C08E1FB59F0500305022 /* rxswift_practiceUITests.swift */,
				70A6C0901FB59F0500305022 /* Info.plist */,
			);
			path = "rxswift-practiceUITests";
			sourceTree = "<group>";
		};
		9F751A154E722B5196BE2B94 /* Frameworks */ = {
			isa = PBXGroup;
			children = (
				387D5EFA22D42EB7B087838D /* Pods_rxswift_practice.framework */,
				F34FDBE55C1A817E223279CC /* Pods_rxswift_practiceTests.framework */,
				46F76EFDABBDD134FAD5C61C /* Pods_rxswift_practiceUITests.framework */,
			);
			name = Frameworks;
			sourceTree = "<group>";
		};
		D4DF45459F541798A332AFD5 /* Pods */ = {
			isa = PBXGroup;
			children = (
				BBDCDD51F3F71366B1C1BD22 /* Pods-rxswift-practice.debug.xcconfig */,
				DCFF8E2B29938845427B3BB1 /* Pods-rxswift-practice.release.xcconfig */,
				87D05B9E3BC668BC2ADED46E /* Pods-rxswift-practiceTests.debug.xcconfig */,
				933E3C83AE20445A898AB70C /* Pods-rxswift-practiceTests.release.xcconfig */,
				91846105796D57FA0463C0B9 /* Pods-rxswift-practiceUITests.debug.xcconfig */,
				5D8BABCFDB67244E806CA0F6 /* Pods-rxswift-practiceUITests.release.xcconfig */,
			);
			name = Pods;
			sourceTree = "<group>";
		};
/* End PBXGroup section */

/* Begin PBXNativeTarget section */
		70A6C06A1FB59F0500305022 /* rxswift-practice */ = {
			isa = PBXNativeTarget;
			buildConfigurationList = 70A6C0931FB59F0500305022 /* Build configuration list for PBXNativeTarget "rxswift-practice" */;
			buildPhases = (
				3526400799EE9606A08319FE /* [CP] Check Pods Manifest.lock */,
				70A6C0671FB59F0500305022 /* Sources */,
				70A6C0681FB59F0500305022 /* Frameworks */,
				70A6C0691FB59F0500305022 /* Resources */,
				E2B81603CAAF278CAEF643C4 /* [CP] Embed Pods Frameworks */,
				07E6C35D016EB10B1DB7855F /* [CP] Copy Pods Resources */,
			);
			buildRules = (
			);
			dependencies = (
			);
			name = "rxswift-practice";
			productName = "rxswift-practice";
			productReference = 70A6C06B1FB59F0500305022 /* rxswift-practice.app */;
			productType = "com.apple.product-type.application";
		};
		70A6C07E1FB59F0500305022 /* rxswift-practiceTests */ = {
			isa = PBXNativeTarget;
			buildConfigurationList = 70A6C0961FB59F0500305022 /* Build configuration list for PBXNativeTarget "rxswift-practiceTests" */;
			buildPhases = (
				1F112972851A465ED0919940 /* [CP] Check Pods Manifest.lock */,
				70A6C07B1FB59F0500305022 /* Sources */,
				70A6C07C1FB59F0500305022 /* Frameworks */,
				70A6C07D1FB59F0500305022 /* Resources */,
				8F23E646E2ED12FE0F4C1315 /* [CP] Embed Pods Frameworks */,
				92D7D5AD80ACCD1C9CB4D34A /* [CP] Copy Pods Resources */,
			);
			buildRules = (
			);
			dependencies = (
				70A6C0811FB59F0500305022 /* PBXTargetDependency */,
			);
			name = "rxswift-practiceTests";
			productName = "rxswift-practiceTests";
			productReference = 70A6C07F1FB59F0500305022 /* rxswift-practiceTests.xctest */;
			productType = "com.apple.product-type.bundle.unit-test";
		};
		70A6C0891FB59F0500305022 /* rxswift-practiceUITests */ = {
			isa = PBXNativeTarget;
			buildConfigurationList = 70A6C0991FB59F0500305022 /* Build configuration list for PBXNativeTarget "rxswift-practiceUITests" */;
			buildPhases = (
				9BB30FB76667CEFFF4E1C593 /* [CP] Check Pods Manifest.lock */,
				70A6C0861FB59F0500305022 /* Sources */,
				70A6C0871FB59F0500305022 /* Frameworks */,
				70A6C0881FB59F0500305022 /* Resources */,
				2F07241479EC03ECF35970FA /* [CP] Embed Pods Frameworks */,
				A03590D164B34A8FC393FE79 /* [CP] Copy Pods Resources */,
			);
			buildRules = (
			);
			dependencies = (
				70A6C08C1FB59F0500305022 /* PBXTargetDependency */,
			);
			name = "rxswift-practiceUITests";
			productName = "rxswift-practiceUITests";
			productReference = 70A6C08A1FB59F0500305022 /* rxswift-practiceUITests.xctest */;
			productType = "com.apple.product-type.bundle.ui-testing";
		};
/* End PBXNativeTarget section */

/* Begin PBXProject section */
		70A6C0631FB59F0500305022 /* Project object */ = {
			isa = PBXProject;
			attributes = {
				LastSwiftUpdateCheck = 0910;
				LastUpgradeCheck = 0910;
				ORGANIZATIONNAME = KazumasaKontani;
				TargetAttributes = {
					70A6C06A1FB59F0500305022 = {
						CreatedOnToolsVersion = 9.1;
						ProvisioningStyle = Automatic;
					};
					70A6C07E1FB59F0500305022 = {
						CreatedOnToolsVersion = 9.1;
						ProvisioningStyle = Automatic;
						TestTargetID = 70A6C06A1FB59F0500305022;
					};
					70A6C0891FB59F0500305022 = {
						CreatedOnToolsVersion = 9.1;
						ProvisioningStyle = Automatic;
						TestTargetID = 70A6C06A1FB59F0500305022;
					};
				};
			};
			buildConfigurationList = 70A6C0661FB59F0500305022 /* Build configuration list for PBXProject "rxswift-practice" */;
			compatibilityVersion = "Xcode 8.0";
			developmentRegion = en;
			hasScannedForEncodings = 0;
			knownRegions = (
				en,
				Base,
			);
			mainGroup = 70A6C0621FB59F0500305022;
			productRefGroup = 70A6C06C1FB59F0500305022 /* Products */;
			projectDirPath = "";
			projectRoot = "";
			targets = (
				70A6C06A1FB59F0500305022 /* rxswift-practice */,
				70A6C07E1FB59F0500305022 /* rxswift-practiceTests */,
				70A6C0891FB59F0500305022 /* rxswift-practiceUITests */,
			);
		};
/* End PBXProject section */

/* Begin PBXResourcesBuildPhase section */
		70A6C0691FB59F0500305022 /* Resources */ = {
			isa = PBXResourcesBuildPhase;
			buildActionMask = 2147483647;
			files = (
				70A6C0791FB59F0500305022 /* LaunchScreen.storyboard in Resources */,
				70A6C0761FB59F0500305022 /* Assets.xcassets in Resources */,
				70A6C0741FB59F0500305022 /* Main.storyboard in Resources */,
			);
			runOnlyForDeploymentPostprocessing = 0;
		};
		70A6C07D1FB59F0500305022 /* Resources */ = {
			isa = PBXResourcesBuildPhase;
			buildActionMask = 2147483647;
			files = (
			);
			runOnlyForDeploymentPostprocessing = 0;
		};
		70A6C0881FB59F0500305022 /* Resources */ = {
			isa = PBXResourcesBuildPhase;
			buildActionMask = 2147483647;
			files = (
			);
			runOnlyForDeploymentPostprocessing = 0;
		};
/* End PBXResourcesBuildPhase section */

/* Begin PBXShellScriptBuildPhase section */
		07E6C35D016EB10B1DB7855F /* [CP] Copy Pods Resources */ = {
			isa = PBXShellScriptBuildPhase;
			buildActionMask = 2147483647;
			files = (
			);
			inputPaths = (
			);
			name = "[CP] Copy Pods Resources";
			outputPaths = (
			);
			runOnlyForDeploymentPostprocessing = 0;
			shellPath = /bin/sh;
			shellScript = "\"${SRCROOT}/Pods/Target Support Files/Pods-rxswift-practice/Pods-rxswift-practice-resources.sh\"\n";
			showEnvVarsInLog = 0;
		};
		1F112972851A465ED0919940 /* [CP] Check Pods Manifest.lock */ = {
			isa = PBXShellScriptBuildPhase;
			buildActionMask = 2147483647;
			files = (
			);
			inputPaths = (
				"${PODS_PODFILE_DIR_PATH}/Podfile.lock",
				"${PODS_ROOT}/Manifest.lock",
			);
			name = "[CP] Check Pods Manifest.lock";
			outputPaths = (
				"$(DERIVED_FILE_DIR)/Pods-rxswift-practiceTests-checkManifestLockResult.txt",
			);
			runOnlyForDeploymentPostprocessing = 0;
			shellPath = /bin/sh;
			shellScript = "diff \"${PODS_PODFILE_DIR_PATH}/Podfile.lock\" \"${PODS_ROOT}/Manifest.lock\" > /dev/null\nif [ $? != 0 ] ; then\n    # print error to STDERR\n    echo \"error: The sandbox is not in sync with the Podfile.lock. Run 'pod install' or update your CocoaPods installation.\" >&2\n    exit 1\nfi\n# This output is used by Xcode 'outputs' to avoid re-running this script phase.\necho \"SUCCESS\" > \"${SCRIPT_OUTPUT_FILE_0}\"\n";
			showEnvVarsInLog = 0;
		};
		2F07241479EC03ECF35970FA /* [CP] Embed Pods Frameworks */ = {
			isa = PBXShellScriptBuildPhase;
			buildActionMask = 2147483647;
			files = (
			);
			inputPaths = (
			);
			name = "[CP] Embed Pods Frameworks";
			outputPaths = (
			);
			runOnlyForDeploymentPostprocessing = 0;
			shellPath = /bin/sh;
			shellScript = "\"${SRCROOT}/Pods/Target Support Files/Pods-rxswift-practiceUITests/Pods-rxswift-practiceUITests-frameworks.sh\"\n";
			showEnvVarsInLog = 0;
		};
		3526400799EE9606A08319FE /* [CP] Check Pods Manifest.lock */ = {
			isa = PBXShellScriptBuildPhase;
			buildActionMask = 2147483647;
			files = (
			);
			inputPaths = (
				"${PODS_PODFILE_DIR_PATH}/Podfile.lock",
				"${PODS_ROOT}/Manifest.lock",
			);
			name = "[CP] Check Pods Manifest.lock";
			outputPaths = (
				"$(DERIVED_FILE_DIR)/Pods-rxswift-practice-checkManifestLockResult.txt",
			);
			runOnlyForDeploymentPostprocessing = 0;
			shellPath = /bin/sh;
			shellScript = "diff \"${PODS_PODFILE_DIR_PATH}/Podfile.lock\" \"${PODS_ROOT}/Manifest.lock\" > /dev/null\nif [ $? != 0 ] ; then\n    # print error to STDERR\n    echo \"error: The sandbox is not in sync with the Podfile.lock. Run 'pod install' or update your CocoaPods installation.\" >&2\n    exit 1\nfi\n# This output is used by Xcode 'outputs' to avoid re-running this script phase.\necho \"SUCCESS\" > \"${SCRIPT_OUTPUT_FILE_0}\"\n";
			showEnvVarsInLog = 0;
		};
		8F23E646E2ED12FE0F4C1315 /* [CP] Embed Pods Frameworks */ = {
			isa = PBXShellScriptBuildPhase;
			buildActionMask = 2147483647;
			files = (
			);
			inputPaths = (
			);
			name = "[CP] Embed Pods Frameworks";
			outputPaths = (
			);
			runOnlyForDeploymentPostprocessing = 0;
			shellPath = /bin/sh;
			shellScript = "\"${SRCROOT}/Pods/Target Support Files/Pods-rxswift-practiceTests/Pods-rxswift-practiceTests-frameworks.sh\"\n";
			showEnvVarsInLog = 0;
		};
		92D7D5AD80ACCD1C9CB4D34A /* [CP] Copy Pods Resources */ = {
			isa = PBXShellScriptBuildPhase;
			buildActionMask = 2147483647;
			files = (
			);
			inputPaths = (
			);
			name = "[CP] Copy Pods Resources";
			outputPaths = (
			);
			runOnlyForDeploymentPostprocessing = 0;
			shellPath = /bin/sh;
			shellScript = "\"${SRCROOT}/Pods/Target Support Files/Pods-rxswift-practiceTests/Pods-rxswift-practiceTests-resources.sh\"\n";
			showEnvVarsInLog = 0;
		};
		9BB30FB76667CEFFF4E1C593 /* [CP] Check Pods Manifest.lock */ = {
			isa = PBXShellScriptBuildPhase;
			buildActionMask = 2147483647;
			files = (
			);
			inputPaths = (
				"${PODS_PODFILE_DIR_PATH}/Podfile.lock",
				"${PODS_ROOT}/Manifest.lock",
			);
			name = "[CP] Check Pods Manifest.lock";
			outputPaths = (
				"$(DERIVED_FILE_DIR)/Pods-rxswift-practiceUITests-checkManifestLockResult.txt",
			);
			runOnlyForDeploymentPostprocessing = 0;
			shellPath = /bin/sh;
			shellScript = "diff \"${PODS_PODFILE_DIR_PATH}/Podfile.lock\" \"${PODS_ROOT}/Manifest.lock\" > /dev/null\nif [ $? != 0 ] ; then\n    # print error to STDERR\n    echo \"error: The sandbox is not in sync with the Podfile.lock. Run 'pod install' or update your CocoaPods installation.\" >&2\n    exit 1\nfi\n# This output is used by Xcode 'outputs' to avoid re-running this script phase.\necho \"SUCCESS\" > \"${SCRIPT_OUTPUT_FILE_0}\"\n";
			showEnvVarsInLog = 0;
		};
		A03590D164B34A8FC393FE79 /* [CP] Copy Pods Resources */ = {
			isa = PBXShellScriptBuildPhase;
			buildActionMask = 2147483647;
			files = (
			);
			inputPaths = (
			);
			name = "[CP] Copy Pods Resources";
			outputPaths = (
			);
			runOnlyForDeploymentPostprocessing = 0;
			shellPath = /bin/sh;
			shellScript = "\"${SRCROOT}/Pods/Target Support Files/Pods-rxswift-practiceUITests/Pods-rxswift-practiceUITests-resources.sh\"\n";
			showEnvVarsInLog = 0;
		};
		E2B81603CAAF278CAEF643C4 /* [CP] Embed Pods Frameworks */ = {
			isa = PBXShellScriptBuildPhase;
			buildActionMask = 2147483647;
			files = (
			);
			inputPaths = (
				"${SRCROOT}/Pods/Target Support Files/Pods-rxswift-practice/Pods-rxswift-practice-frameworks.sh",
				"${BUILT_PRODUCTS_DIR}/RxCocoa/RxCocoa.framework",
				"${BUILT_PRODUCTS_DIR}/RxSwift/RxSwift.framework",
			);
			name = "[CP] Embed Pods Frameworks";
			outputPaths = (
				"${TARGET_BUILD_DIR}/${FRAMEWORKS_FOLDER_PATH}/RxCocoa.framework",
				"${TARGET_BUILD_DIR}/${FRAMEWORKS_FOLDER_PATH}/RxSwift.framework",
			);
			runOnlyForDeploymentPostprocessing = 0;
			shellPath = /bin/sh;
			shellScript = "\"${SRCROOT}/Pods/Target Support Files/Pods-rxswift-practice/Pods-rxswift-practice-frameworks.sh\"\n";
			showEnvVarsInLog = 0;
		};
/* End PBXShellScriptBuildPhase section */

/* Begin PBXSourcesBuildPhase section */
		70A6C0671FB59F0500305022 /* Sources */ = {
			isa = PBXSourcesBuildPhase;
			buildActionMask = 2147483647;
			files = (
				70A6C0711FB59F0500305022 /* ViewController.swift in Sources */,
				70A6C06F1FB59F0500305022 /* AppDelegate.swift in Sources */,
			);
			runOnlyForDeploymentPostprocessing = 0;
		};
		70A6C07B1FB59F0500305022 /* Sources */ = {
			isa = PBXSourcesBuildPhase;
			buildActionMask = 2147483647;
			files = (
				70A6C0841FB59F0500305022 /* rxswift_practiceTests.swift in Sources */,
			);
			runOnlyForDeploymentPostprocessing = 0;
		};
		70A6C0861FB59F0500305022 /* Sources */ = {
			isa = PBXSourcesBuildPhase;
			buildActionMask = 2147483647;
			files = (
				70A6C08F1FB59F0500305022 /* rxswift_practiceUITests.swift in Sources */,
			);
			runOnlyForDeploymentPostprocessing = 0;
		};
/* End PBXSourcesBuildPhase section */

/* Begin PBXTargetDependency section */
		70A6C0811FB59F0500305022 /* PBXTargetDependency */ = {
			isa = PBXTargetDependency;
			target = 70A6C06A1FB59F0500305022 /* rxswift-practice */;
			targetProxy = 70A6C0801FB59F0500305022 /* PBXContainerItemProxy */;
		};
		70A6C08C1FB59F0500305022 /* PBXTargetDependency */ = {
			isa = PBXTargetDependency;
			target = 70A6C06A1FB59F0500305022 /* rxswift-practice */;
			targetProxy = 70A6C08B1FB59F0500305022 /* PBXContainerItemProxy */;
		};
/* End PBXTargetDependency section */

/* Begin PBXVariantGroup section */
		70A6C0721FB59F0500305022 /* Main.storyboard */ = {
			isa = PBXVariantGroup;
			children = (
				70A6C0731FB59F0500305022 /* Base */,
			);
			name = Main.storyboard;
			sourceTree = "<group>";
		};
		70A6C0771FB59F0500305022 /* LaunchScreen.storyboard */ = {
			isa = PBXVariantGroup;
			children = (
				70A6C0781FB59F0500305022 /* Base */,
			);
			name = LaunchScreen.storyboard;
			sourceTree = "<group>";
		};
/* End PBXVariantGroup section */

/* Begin XCBuildConfiguration section */
		70A6C0911FB59F0500305022 /* Debug */ = {
			isa = XCBuildConfiguration;
			buildSettings = {
				ALWAYS_SEARCH_USER_PATHS = NO;
				CLANG_ANALYZER_NONNULL = YES;
				CLANG_ANALYZER_NUMBER_OBJECT_CONVERSION = YES_AGGRESSIVE;
				CLANG_CXX_LANGUAGE_STANDARD = "gnu++14";
				CLANG_CXX_LIBRARY = "libc++";
				CLANG_ENABLE_MODULES = YES;
				CLANG_ENABLE_OBJC_ARC = YES;
				CLANG_WARN_BLOCK_CAPTURE_AUTORELEASING = YES;
				CLANG_WARN_BOOL_CONVERSION = YES;
				CLANG_WARN_COMMA = YES;
				CLANG_WARN_CONSTANT_CONVERSION = YES;
				CLANG_WARN_DIRECT_OBJC_ISA_USAGE = YES_ERROR;
				CLANG_WARN_DOCUMENTATION_COMMENTS = YES;
				CLANG_WARN_EMPTY_BODY = YES;
				CLANG_WARN_ENUM_CONVERSION = YES;
				CLANG_WARN_INFINITE_RECURSION = YES;
				CLANG_WARN_INT_CONVERSION = YES;
				CLANG_WARN_NON_LITERAL_NULL_CONVERSION = YES;
				CLANG_WARN_OBJC_LITERAL_CONVERSION = YES;
				CLANG_WARN_OBJC_ROOT_CLASS = YES_ERROR;
				CLANG_WARN_RANGE_LOOP_ANALYSIS = YES;
				CLANG_WARN_STRICT_PROTOTYPES = YES;
				CLANG_WARN_SUSPICIOUS_MOVE = YES;
				CLANG_WARN_UNGUARDED_AVAILABILITY = YES_AGGRESSIVE;
				CLANG_WARN_UNREACHABLE_CODE = YES;
				CLANG_WARN__DUPLICATE_METHOD_MATCH = YES;
				CODE_SIGN_IDENTITY = "iPhone Developer";
				COPY_PHASE_STRIP = NO;
				DEBUG_INFORMATION_FORMAT = dwarf;
				ENABLE_STRICT_OBJC_MSGSEND = YES;
				ENABLE_TESTABILITY = YES;
				GCC_C_LANGUAGE_STANDARD = gnu11;
				GCC_DYNAMIC_NO_PIC = NO;
				GCC_NO_COMMON_BLOCKS = YES;
				GCC_OPTIMIZATION_LEVEL = 0;
				GCC_PREPROCESSOR_DEFINITIONS = (
					"DEBUG=1",
					"$(inherited)",
				);
				GCC_WARN_64_TO_32_BIT_CONVERSION = YES;
				GCC_WARN_ABOUT_RETURN_TYPE = YES_ERROR;
				GCC_WARN_UNDECLARED_SELECTOR = YES;
				GCC_WARN_UNINITIALIZED_AUTOS = YES_AGGRESSIVE;
				GCC_WARN_UNUSED_FUNCTION = YES;
				GCC_WARN_UNUSED_VARIABLE = YES;
				IPHONEOS_DEPLOYMENT_TARGET = 11.1;
				MTL_ENABLE_DEBUG_INFO = YES;
				ONLY_ACTIVE_ARCH = YES;
				SDKROOT = iphoneos;
				SWIFT_ACTIVE_COMPILATION_CONDITIONS = DEBUG;
				SWIFT_OPTIMIZATION_LEVEL = "-Onone";
			};
			name = Debug;
		};
		70A6C0921FB59F0500305022 /* Release */ = {
			isa = XCBuildConfiguration;
			buildSettings = {
				ALWAYS_SEARCH_USER_PATHS = NO;
				CLANG_ANALYZER_NONNULL = YES;
				CLANG_ANALYZER_NUMBER_OBJECT_CONVERSION = YES_AGGRESSIVE;
				CLANG_CXX_LANGUAGE_STANDARD = "gnu++14";
				CLANG_CXX_LIBRARY = "libc++";
				CLANG_ENABLE_MODULES = YES;
				CLANG_ENABLE_OBJC_ARC = YES;
				CLANG_WARN_BLOCK_CAPTURE_AUTORELEASING = YES;
				CLANG_WARN_BOOL_CONVERSION = YES;
				CLANG_WARN_COMMA = YES;
				CLANG_WARN_CONSTANT_CONVERSION = YES;
				CLANG_WARN_DIRECT_OBJC_ISA_USAGE = YES_ERROR;
				CLANG_WARN_DOCUMENTATION_COMMENTS = YES;
				CLANG_WARN_EMPTY_BODY = YES;
				CLANG_WARN_ENUM_CONVERSION = YES;
				CLANG_WARN_INFINITE_RECURSION = YES;
				CLANG_WARN_INT_CONVERSION = YES;
				CLANG_WARN_NON_LITERAL_NULL_CONVERSION = YES;
				CLANG_WARN_OBJC_LITERAL_CONVERSION = YES;
				CLANG_WARN_OBJC_ROOT_CLASS = YES_ERROR;
				CLANG_WARN_RANGE_LOOP_ANALYSIS = YES;
				CLANG_WARN_STRICT_PROTOTYPES = YES;
				CLANG_WARN_SUSPICIOUS_MOVE = YES;
				CLANG_WARN_UNGUARDED_AVAILABILITY = YES_AGGRESSIVE;
				CLANG_WARN_UNREACHABLE_CODE = YES;
				CLANG_WARN__DUPLICATE_METHOD_MATCH = YES;
				CODE_SIGN_IDENTITY = "iPhone Developer";
				COPY_PHASE_STRIP = NO;
				DEBUG_INFORMATION_FORMAT = "dwarf-with-dsym";
				ENABLE_NS_ASSERTIONS = NO;
				ENABLE_STRICT_OBJC_MSGSEND = YES;
				GCC_C_LANGUAGE_STANDARD = gnu11;
				GCC_NO_COMMON_BLOCKS = YES;
				GCC_WARN_64_TO_32_BIT_CONVERSION = YES;
				GCC_WARN_ABOUT_RETURN_TYPE = YES_ERROR;
				GCC_WARN_UNDECLARED_SELECTOR = YES;
				GCC_WARN_UNINITIALIZED_AUTOS = YES_AGGRESSIVE;
				GCC_WARN_UNUSED_FUNCTION = YES;
				GCC_WARN_UNUSED_VARIABLE = YES;
				IPHONEOS_DEPLOYMENT_TARGET = 11.1;
				MTL_ENABLE_DEBUG_INFO = NO;
				SDKROOT = iphoneos;
				SWIFT_OPTIMIZATION_LEVEL = "-Owholemodule";
				VALIDATE_PRODUCT = YES;
			};
			name = Release;
		};
		70A6C0941FB59F0500305022 /* Debug */ = {
			isa = XCBuildConfiguration;
			baseConfigurationReference = BBDCDD51F3F71366B1C1BD22 /* Pods-rxswift-practice.debug.xcconfig */;
			buildSettings = {
				ASSETCATALOG_COMPILER_APPICON_NAME = AppIcon;
				CODE_SIGN_STYLE = Automatic;
				DEVELOPMENT_TEAM = SCEP6M989F;
				INFOPLIST_FILE = "rxswift-practice/Info.plist";
				LD_RUNPATH_SEARCH_PATHS = "$(inherited) @executable_path/Frameworks";
				PRODUCT_BUNDLE_IDENTIFIER = "Kon.rxswift-practice";
				PRODUCT_NAME = "$(TARGET_NAME)";
				SWIFT_VERSION = 3.0;
				TARGETED_DEVICE_FAMILY = "1,2";
			};
			name = Debug;
		};
		70A6C0951FB59F0500305022 /* Release */ = {
			isa = XCBuildConfiguration;
			baseConfigurationReference = DCFF8E2B29938845427B3BB1 /* Pods-rxswift-practice.release.xcconfig */;
			buildSettings = {
				ASSETCATALOG_COMPILER_APPICON_NAME = AppIcon;
				CODE_SIGN_STYLE = Automatic;
				DEVELOPMENT_TEAM = SCEP6M989F;
				INFOPLIST_FILE = "rxswift-practice/Info.plist";
				LD_RUNPATH_SEARCH_PATHS = "$(inherited) @executable_path/Frameworks";
				PRODUCT_BUNDLE_IDENTIFIER = "Kon.rxswift-practice";
				PRODUCT_NAME = "$(TARGET_NAME)";
				SWIFT_VERSION = 3.0;
				TARGETED_DEVICE_FAMILY = "1,2";
			};
			name = Release;
		};
		70A6C0971FB59F0500305022 /* Debug */ = {
			isa = XCBuildConfiguration;
			baseConfigurationReference = 87D05B9E3BC668BC2ADED46E /* Pods-rxswift-practiceTests.debug.xcconfig */;
			buildSettings = {
				ALWAYS_EMBED_SWIFT_STANDARD_LIBRARIES = YES;
				BUNDLE_LOADER = "$(TEST_HOST)";
				CODE_SIGN_STYLE = Automatic;
				DEVELOPMENT_TEAM = SCEP6M989F;
				INFOPLIST_FILE = "rxswift-practiceTests/Info.plist";
				LD_RUNPATH_SEARCH_PATHS = "$(inherited) @executable_path/Frameworks @loader_path/Frameworks";
				PRODUCT_BUNDLE_IDENTIFIER = "Kon.rxswift-practiceTests";
				PRODUCT_NAME = "$(TARGET_NAME)";
				SWIFT_VERSION = 4.0;
				TARGETED_DEVICE_FAMILY = "1,2";
				TEST_HOST = "$(BUILT_PRODUCTS_DIR)/rxswift-practice.app/rxswift-practice";
			};
			name = Debug;
		};
		70A6C0981FB59F0500305022 /* Release */ = {
			isa = XCBuildConfiguration;
			baseConfigurationReference = 933E3C83AE20445A898AB70C /* Pods-rxswift-practiceTests.release.xcconfig */;
			buildSettings = {
				ALWAYS_EMBED_SWIFT_STANDARD_LIBRARIES = YES;
				BUNDLE_LOADER = "$(TEST_HOST)";
				CODE_SIGN_STYLE = Automatic;
				DEVELOPMENT_TEAM = SCEP6M989F;
				INFOPLIST_FILE = "rxswift-practiceTests/Info.plist";
				LD_RUNPATH_SEARCH_PATHS = "$(inherited) @executable_path/Frameworks @loader_path/Frameworks";
				PRODUCT_BUNDLE_IDENTIFIER = "Kon.rxswift-practiceTests";
				PRODUCT_NAME = "$(TARGET_NAME)";
				SWIFT_VERSION = 4.0;
				TARGETED_DEVICE_FAMILY = "1,2";
				TEST_HOST = "$(BUILT_PRODUCTS_DIR)/rxswift-practice.app/rxswift-practice";
			};
			name = Release;
		};
		70A6C09A1FB59F0500305022 /* Debug */ = {
			isa = XCBuildConfiguration;
			baseConfigurationReference = 91846105796D57FA0463C0B9 /* Pods-rxswift-practiceUITests.debug.xcconfig */;
			buildSettings = {
				ALWAYS_EMBED_SWIFT_STANDARD_LIBRARIES = YES;
				CODE_SIGN_STYLE = Automatic;
				DEVELOPMENT_TEAM = SCEP6M989F;
				INFOPLIST_FILE = "rxswift-practiceUITests/Info.plist";
				LD_RUNPATH_SEARCH_PATHS = "$(inherited) @executable_path/Frameworks @loader_path/Frameworks";
				PRODUCT_BUNDLE_IDENTIFIER = "Kon.rxswift-practiceUITests";
				PRODUCT_NAME = "$(TARGET_NAME)";
				SWIFT_VERSION = 4.0;
				TARGETED_DEVICE_FAMILY = "1,2";
				TEST_TARGET_NAME = "rxswift-practice";
			};
			name = Debug;
		};
		70A6C09B1FB59F0500305022 /* Release */ = {
			isa = XCBuildConfiguration;
			baseConfigurationReference = 5D8BABCFDB67244E806CA0F6 /* Pods-rxswift-practiceUITests.release.xcconfig */;
			buildSettings = {
				ALWAYS_EMBED_SWIFT_STANDARD_LIBRARIES = YES;
				CODE_SIGN_STYLE = Automatic;
				DEVELOPMENT_TEAM = SCEP6M989F;
				INFOPLIST_FILE = "rxswift-practiceUITests/Info.plist";
				LD_RUNPATH_SEARCH_PATHS = "$(inherited) @executable_path/Frameworks @loader_path/Frameworks";
				PRODUCT_BUNDLE_IDENTIFIER = "Kon.rxswift-practiceUITests";
				PRODUCT_NAME = "$(TARGET_NAME)";
				SWIFT_VERSION = 4.0;
				TARGETED_DEVICE_FAMILY = "1,2";
				TEST_TARGET_NAME = "rxswift-practice";
			};
			name = Release;
		};
/* End XCBuildConfiguration section */

/* Begin XCConfigurationList section */
		70A6C0661FB59F0500305022 /* Build configuration list for PBXProject "rxswift-practice" */ = {
			isa = XCConfigurationList;
			buildConfigurations = (
				70A6C0911FB59F0500305022 /* Debug */,
				70A6C0921FB59F0500305022 /* Release */,
			);
			defaultConfigurationIsVisible = 0;
			defaultConfigurationName = Release;
		};
		70A6C0931FB59F0500305022 /* Build configuration list for PBXNativeTarget "rxswift-practice" */ = {
			isa = XCConfigurationList;
			buildConfigurations = (
				70A6C0941FB59F0500305022 /* Debug */,
				70A6C0951FB59F0500305022 /* Release */,
			);
			defaultConfigurationIsVisible = 0;
			defaultConfigurationName = Release;
		};
		70A6C0961FB59F0500305022 /* Build configuration list for PBXNativeTarget "rxswift-practiceTests" */ = {
			isa = XCConfigurationList;
			buildConfigurations = (
				70A6C0971FB59F0500305022 /* Debug */,
				70A6C0981FB59F0500305022 /* Release */,
			);
			defaultConfigurationIsVisible = 0;
			defaultConfigurationName = Release;
		};
		70A6C0991FB59F0500305022 /* Build configuration list for PBXNativeTarget "rxswift-practiceUITests" */ = {
			isa = XCConfigurationList;
			buildConfigurations = (
				70A6C09A1FB59F0500305022 /* Debug */,
				70A6C09B1FB59F0500305022 /* Release */,
			);
			defaultConfigurationIsVisible = 0;
			defaultConfigurationName = Release;
		};
/* End XCConfigurationList section */
	};
	rootObject = 70A6C0631FB59F0500305022 /* Project object */;
}
